
Microsoft Visual Studio Solution File, Format Version 12.00
# Visual Studio 2012
Project("{FAE04EC0-301F-11D3-BF4B-00C04F79EFBC}") = "JohnsonNet", "JohnsonNet\JohnsonNet.csproj", "{2013303A-6C43-4E92-B9E0-E243E3F05EC0}"
EndProject
Project("{FAE04EC0-301F-11D3-BF4B-00C04F79EFBC}") = "JohnsonNet.WebPages", "JohnsonNet.WebPages\JohnsonNet.WebPages.csproj", "{C84DC620-D777-40A6-9EBB-2C69417D73D6}"
EndProject
Project("{FAE04EC0-301F-11D3-BF4B-00C04F79EFBC}") = "JohnsonNet.WebAPI", "JohnsonNet.WebAPI\JohnsonNet.WebAPI.csproj", "{ADCD22C7-8BEB-450F-8DF1-E65F79186B41}"
EndProject
Project("{FAE04EC0-301F-11D3-BF4B-00C04F79EFBC}") = "Test", "Test\Test.csproj", "{6AF57635-3F11-4C89-8AE8-0A47A240E7C9}"
EndProject
Project("{FAE04EC0-301F-11D3-BF4B-00C04F79EFBC}") = "Test.Web", "Test.Web\Test.Web.csproj", "{3884DB2D-2C0E-4FA9-B316-847C2FA40C81}"
EndProject
Global
	GlobalSection(SolutionConfigurationPlatforms) = preSolution
		Debug|Any CPU = Debug|Any CPU
		Release|Any CPU = Release|Any CPU
	EndGlobalSection
	GlobalSection(ProjectConfigurationPlatforms) = postSolution
		{2013303A-6C43-4E92-B9E0-E243E3F05EC0}.Debug|Any CPU.ActiveCfg = Debug|Any CPU
		{2013303A-6C43-4E92-B9E0-E243E3F05EC0}.Debug|Any CPU.Build.0 = Debug|Any CPU
		{2013303A-6C43-4E92-B9E0-E243E3F05EC0}.Release|Any CPU.ActiveCfg = Release|Any CPU
		{2013303A-6C43-4E92-B9E0-E243E3F05EC0}.Release|Any CPU.Build.0 = Release|Any CPU
		{C84DC620-D777-40A6-9EBB-2C69417D73D6}.Debug|Any CPU.ActiveCfg = Debug|Any CPU
		{C84DC620-D777-40A6-9EBB-2C69417D73D6}.Debug|Any CPU.Build.0 = Debug|Any CPU
		{C84DC620-D777-40A6-9EBB-2C69417D73D6}.Release|Any CPU.ActiveCfg = Release|Any CPU
		{C84DC620-D777-40A6-9EBB-2C69417D73D6}.Release|Any CPU.Build.0 = Release|Any CPU
		{ADCD22C7-8BEB-450F-8DF1-E65F79186B41}.Debug|Any CPU.ActiveCfg = Debug|Any CPU
		{ADCD22C7-8BEB-450F-8DF1-E65F79186B41}.Debug|Any CPU.Build.0 = Debug|Any CPU
		{ADCD22C7-8BEB-450F-8DF1-E65F79186B41}.Release|Any CPU.ActiveCfg = Release|Any CPU
		{ADCD22C7-8BEB-450F-8DF1-E65F79186B41}.Release|Any CPU.Build.0 = Release|Any CPU
		{6AF57635-3F11-4C89-8AE8-0A47A240E7C9}.Debug|Any CPU.ActiveCfg = Debug|Any CPU
		{6AF57635-3F11-4C89-8AE8-0A47A240E7C9}.Debug|Any CPU.Build.0 = Debug|Any CPU
		{6AF57635-3F11-4C89-8AE8-0A47A240E7C9}.Release|Any CPU.ActiveCfg = Release|Any CPU
		{6AF57635-3F11-4C89-8AE8-0A47A240E7C9}.Release|Any CPU.Build.0 = Release|Any CPU
		{3884DB2D-2C0E-4FA9-B316-847C2FA40C81}.Debug|Any CPU.ActiveCfg = Debug|Any CPU
		{3884DB2D-2C0E-4FA9-B316-847C2FA40C81}.Debug|Any CPU.Build.0 = Debug|Any CPU
		{3884DB2D-2C0E-4FA9-B316-847C2FA40C81}.Release|Any CPU.ActiveCfg = Release|Any CPU
		{3884DB2D-2C0E-4FA9-B316-847C2FA40C81}.Release|Any CPU.Build.0 = Release|Any CPU
	EndGlobalSection
	GlobalSection(SolutionProperties) = preSolution
		HideSolutionNode = FALSE
	EndGlobalSection
EndGlobal
